
Microsoft Visual Studio Solution File, Format Version 12.00
# Visual Studio Version 16
VisualStudioVersion = 16.0.28902.138
MinimumVisualStudioVersion = 10.0.40219.1
Project("{FAE04EC0-301F-11D3-BF4B-00C04F79EFBC}") = "Blazor.Client.Canvas", "Blazor.Client.Canvas\Blazor.Client.Canvas.csproj", "{24955207-B75B-440D-8E8C-9AA65C2553A3}"
EndProject
Project("{FAE04EC0-301F-11D3-BF4B-00C04F79EFBC}") = "Blazor.Server.Canvas", "Blazor.Server.Canvas\Blazor.Server.Canvas.csproj", "{371FCFFC-2F0B-4B5D-AA63-72B1E03A4B19}"
EndProject
Global
	GlobalSection(SolutionConfigurationPlatforms) = preSolution
		Debug|Any CPU = Debug|Any CPU
		Release|Any CPU = Release|Any CPU
	EndGlobalSection
	GlobalSection(ProjectConfigurationPlatforms) = postSolution
		{24955207-B75B-440D-8E8C-9AA65C2553A3}.Debug|Any CPU.ActiveCfg = Debug|Any CPU
		{24955207-B75B-440D-8E8C-9AA65C2553A3}.Debug|Any CPU.Build.0 = Debug|Any CPU
		{24955207-B75B-440D-8E8C-9AA65C2553A3}.Release|Any CPU.ActiveCfg = Release|Any CPU
		{24955207-B75B-440D-8E8C-9AA65C2553A3}.Release|Any CPU.Build.0 = Release|Any CPU
		{371FCFFC-2F0B-4B5D-AA63-72B1E03A4B19}.Debug|Any CPU.ActiveCfg = Debug|Any CPU
		{371FCFFC-2F0B-4B5D-AA63-72B1E03A4B19}.Debug|Any CPU.Build.0 = Debug|Any CPU
		{371FCFFC-2F0B-4B5D-AA63-72B1E03A4B19}.Release|Any CPU.ActiveCfg = Release|Any CPU
		{371FCFFC-2F0B-4B5D-AA63-72B1E03A4B19}.Release|Any CPU.Build.0 = Release|Any CPU
	EndGlobalSection
	GlobalSection(SolutionProperties) = preSolution
		HideSolutionNode = FALSE
	EndGlobalSection
	GlobalSection(ExtensibilityGlobals) = postSolution
		SolutionGuid = {F72CCD09-222A-47BA-AF47-28E3B57F1119}
	EndGlobalSection
EndGlobal
